
Microsoft Visual Studio Solution File, Format Version 12.00
# Visual Studio 15
VisualStudioVersion = 15.0.28307.421
MinimumVisualStudioVersion = 10.0.40219.1
Project("{FAE04EC0-301F-11D3-BF4B-00C04F79EFBC}") = "BankAccountManager", "BankAccountManager\BankAccountManager.csproj", "{E1C52838-D82F-4AFD-ABBA-4DD287E0500A}"
EndProject
Global
	GlobalSection(SolutionConfigurationPlatforms) = preSolution
		Debug|Any CPU = Debug|Any CPU
		Release|Any CPU = Release|Any CPU
	EndGlobalSection
	GlobalSection(ProjectConfigurationPlatforms) = postSolution
		{E1C52838-D82F-4AFD-ABBA-4DD287E0500A}.Debug|Any CPU.ActiveCfg = Debug|Any CPU
		{E1C52838-D82F-4AFD-ABBA-4DD287E0500A}.Debug|Any CPU.Build.0 = Debug|Any CPU
		{E1C52838-D82F-4AFD-ABBA-4DD287E0500A}.Release|Any CPU.ActiveCfg = Release|Any CPU
		{E1C52838-D82F-4AFD-ABBA-4DD287E0500A}.Release|Any CPU.Build.0 = Release|Any CPU
	EndGlobalSection
	GlobalSection(SolutionProperties) = preSolution
		HideSolutionNode = FALSE
	EndGlobalSection
	GlobalSection(ExtensibilityGlobals) = postSolution
		SolutionGuid = {9FBE6A2A-5261-4030-BD06-D8EB25E7AE0B}
	EndGlobalSection
EndGlobal
